{
  "name": "Task3",
  "version": "1.0.0",
  "lockfileVersion": 2,
  "requires": true,
  "packages": {
    "": {
      "name": "Task3",
      "version": "1.0.0",
      "dependencies": {
        "bluebird": "^3.7.2",
        "collect.js": "^4.32.0",
        "console-table-printer": "^2.11.0",
        "js-crypto-random": "^1.0.4",
        "random-number-csprng": "^1.0.2",
        "readline-sync": "^1.4.10"
      }
    },
    "node_modules/bluebird": {
      "version": "3.7.2",
      "resolved": "https://registry.npmjs.org/bluebird/-/bluebird-3.7.2.tgz",
      "integrity": "sha512-XpNj6GDQzdfW+r2Wnn7xiSAd7TM3jzkxGXBGTtWKuSXv1xUV+azxAm8jdWZN06QTQk+2N2XB9jRDkvbmQmcRtg=="
    },
    "node_modules/collect.js": {
      "version": "4.32.0",
      "resolved": "https://registry.npmjs.org/collect.js/-/collect.js-4.32.0.tgz",
      "integrity": "sha512-Ro0fspulC0J325cgFdkzFEkRDs6MmclMy2Fy5adhdFKg5QqMv1nn1zLpCdAxiehlur6Ep08Wr1f7ldNv+fB6+Q=="
    },
    "node_modules/console-table-printer": {
      "version": "2.11.0",
      "resolved": "https://registry.npmjs.org/console-table-printer/-/console-table-printer-2.11.0.tgz",
      "integrity": "sha512-F5H5/lFciTV2OBI/xDh/x7nZAM6YPqkbkoIxr8px4B/nSvUV4ymsi4BL0bwRwrRcOgtp/LqGJGgGmkicAMd8LQ==",
      "dependencies": {
        "simple-wcswidth": "^1.0.1"
      }
    },
    "node_modules/create-error": {
      "version": "0.3.1",
      "resolved": "https://registry.npmjs.org/create-error/-/create-error-0.3.1.tgz",
      "integrity": "sha1-aYECRaYp5lRDK/BDdzYAA6U1GiM="
    },
    "node_modules/js-crypto-env": {
      "version": "1.0.4",
      "resolved": "https://registry.npmjs.org/js-crypto-env/-/js-crypto-env-1.0.4.tgz",
      "integrity": "sha512-b7WdjaX4csatMPfZ/mQ94yb/XTKe3o6qt0jPBVbKmaiOH97e+FlmIANoFEMrhxQM1xxKfA2QYLjgqL/YtdMm9g=="
    },
    "node_modules/js-crypto-random": {
      "version": "1.0.4",
      "resolved": "https://registry.npmjs.org/js-crypto-random/-/js-crypto-random-1.0.4.tgz",
      "integrity": "sha512-ldTK4y+ymaXWFL13EUh+Kvl3/UQ2GdfqDbI4ScNYS0/T2knijM9duOXO8qd9e6RYwdrOupyiAu4o538VQnktuw==",
      "dependencies": {
        "js-crypto-env": "^1.0.4"
      }
    },
    "node_modules/random-number-csprng": {
      "version": "1.0.2",
      "resolved": "https://registry.npmjs.org/random-number-csprng/-/random-number-csprng-1.0.2.tgz",
      "integrity": "sha1-/NEg5i3/wsB2dMfD/gHhayX3OiY=",
      "dependencies": {
        "bluebird": "^3.3.3",
        "create-error": "^0.3.1"
      }
    },
    "node_modules/readline-sync": {
      "version": "1.4.10",
      "resolved": "https://registry.npmjs.org/readline-sync/-/readline-sync-1.4.10.tgz",
      "integrity": "sha512-gNva8/6UAe8QYepIQH/jQ2qn91Qj0B9sYjMBBs3QOB8F2CXcKgLxQaJRP76sWVRQt+QU+8fAkCbCvjjMFu7Ycw==",
      "engines": {
        "node": ">= 0.8.0"
      }
    },
    "node_modules/simple-wcswidth": {
      "version": "1.0.1",
      "resolved": "https://registry.npmjs.org/simple-wcswidth/-/simple-wcswidth-1.0.1.tgz",
      "integrity": "sha512-xMO/8eNREtaROt7tJvWJqHBDTMFN4eiQ5I4JRMuilwfnFcV5W9u7RUkueNkdw0jPqGMX36iCywelS5yilTuOxg=="
    }
  },
  "dependencies": {
    "bluebird": {
      "version": "3.7.2",
      "resolved": "https://registry.npmjs.org/bluebird/-/bluebird-3.7.2.tgz",
      "integrity": "sha512-XpNj6GDQzdfW+r2Wnn7xiSAd7TM3jzkxGXBGTtWKuSXv1xUV+azxAm8jdWZN06QTQk+2N2XB9jRDkvbmQmcRtg=="
    },
    "collect.js": {
      "version": "4.32.0",
      "resolved": "https://registry.npmjs.org/collect.js/-/collect.js-4.32.0.tgz",
      "integrity": "sha512-Ro0fspulC0J325cgFdkzFEkRDs6MmclMy2Fy5adhdFKg5QqMv1nn1zLpCdAxiehlur6Ep08Wr1f7ldNv+fB6+Q=="
    },
    "console-table-printer": {
      "version": "2.11.0",
      "resolved": "https://registry.npmjs.org/console-table-printer/-/console-table-printer-2.11.0.tgz",
      "integrity": "sha512-F5H5/lFciTV2OBI/xDh/x7nZAM6YPqkbkoIxr8px4B/nSvUV4ymsi4BL0bwRwrRcOgtp/LqGJGgGmkicAMd8LQ==",
      "requires": {
        "simple-wcswidth": "^1.0.1"
      }
    },
    "create-error": {
      "version": "0.3.1",
      "resolved": "https://registry.npmjs.org/create-error/-/create-error-0.3.1.tgz",
      "integrity": "sha1-aYECRaYp5lRDK/BDdzYAA6U1GiM="
    },
    "js-crypto-env": {
      "version": "1.0.4",
      "resolved": "https://registry.npmjs.org/js-crypto-env/-/js-crypto-env-1.0.4.tgz",
      "integrity": "sha512-b7WdjaX4csatMPfZ/mQ94yb/XTKe3o6qt0jPBVbKmaiOH97e+FlmIANoFEMrhxQM1xxKfA2QYLjgqL/YtdMm9g=="
    },
    "js-crypto-random": {
      "version": "1.0.4",
      "resolved": "https://registry.npmjs.org/js-crypto-random/-/js-crypto-random-1.0.4.tgz",
      "integrity": "sha512-ldTK4y+ymaXWFL13EUh+Kvl3/UQ2GdfqDbI4ScNYS0/T2knijM9duOXO8qd9e6RYwdrOupyiAu4o538VQnktuw==",
      "requires": {
        "js-crypto-env": "^1.0.4"
      }
    },
    "random-number-csprng": {
      "version": "1.0.2",
      "resolved": "https://registry.npmjs.org/random-number-csprng/-/random-number-csprng-1.0.2.tgz",
      "integrity": "sha1-/NEg5i3/wsB2dMfD/gHhayX3OiY=",
      "requires": {
        "bluebird": "^3.3.3",
        "create-error": "^0.3.1"
      }
    },
    "readline-sync": {
      "version": "1.4.10",
      "resolved": "https://registry.npmjs.org/readline-sync/-/readline-sync-1.4.10.tgz",
      "integrity": "sha512-gNva8/6UAe8QYepIQH/jQ2qn91Qj0B9sYjMBBs3QOB8F2CXcKgLxQaJRP76sWVRQt+QU+8fAkCbCvjjMFu7Ycw=="
    },
    "simple-wcswidth": {
      "version": "1.0.1",
      "resolved": "https://registry.npmjs.org/simple-wcswidth/-/simple-wcswidth-1.0.1.tgz",
      "integrity": "sha512-xMO/8eNREtaROt7tJvWJqHBDTMFN4eiQ5I4JRMuilwfnFcV5W9u7RUkueNkdw0jPqGMX36iCywelS5yilTuOxg=="
    }
  }
}
